
Microsoft Visual Studio Solution File, Format Version 12.00
# Visual Studio Version 16
VisualStudioVersion = 16.0.29215.179
MinimumVisualStudioVersion = 10.0.40219.1
Project("{FAE04EC0-301F-11D3-BF4B-00C04F79EFBC}") = "review", "review\review.csproj", "{73ABE87A-91B9-4B39-BE1C-25147C047FFB}"
EndProject
Global
	GlobalSection(SolutionConfigurationPlatforms) = preSolution
		Debug|Any CPU = Debug|Any CPU
		Release|Any CPU = Release|Any CPU
	EndGlobalSection
	GlobalSection(ProjectConfigurationPlatforms) = postSolution
		{73ABE87A-91B9-4B39-BE1C-25147C047FFB}.Debug|Any CPU.ActiveCfg = Debug|Any CPU
		{73ABE87A-91B9-4B39-BE1C-25147C047FFB}.Debug|Any CPU.Build.0 = Debug|Any CPU
		{73ABE87A-91B9-4B39-BE1C-25147C047FFB}.Release|Any CPU.ActiveCfg = Release|Any CPU
		{73ABE87A-91B9-4B39-BE1C-25147C047FFB}.Release|Any CPU.Build.0 = Release|Any CPU
	EndGlobalSection
	GlobalSection(SolutionProperties) = preSolution
		HideSolutionNode = FALSE
	EndGlobalSection
	GlobalSection(ExtensibilityGlobals) = postSolution
		SolutionGuid = {F5C111AB-A042-4689-B700-A70E78A7268A}
	EndGlobalSection
EndGlobal
